
Microsoft Visual Studio Solution File, Format Version 12.00
# Visual Studio 14
VisualStudioVersion = 14.0.23107.0
MinimumVisualStudioVersion = 10.0.40219.1
Project("{FAE04EC0-301F-11D3-BF4B-00C04F79EFBC}") = "Executable", "Executable\Executable.csproj", "{AC014B4A-DFC8-45AA-8DFC-1C9663A17EDD}"
EndProject
Project("{FAE04EC0-301F-11D3-BF4B-00C04F79EFBC}") = "Help", "Help\Help.csproj", "{3E5843F4-C102-4C6D-9DE6-3C563D456814}"
EndProject
Project("{FAE04EC0-301F-11D3-BF4B-00C04F79EFBC}") = "Controls", "Controls\Controls.csproj", "{E8E21127-65DE-4824-A861-7A80C3783352}"
EndProject
Project("{FAE04EC0-301F-11D3-BF4B-00C04F79EFBC}") = "Exceptions", "Exceptions\Exceptions.csproj", "{CB760F61-4F2D-4476-A6FA-5EF3FF19AB24}"
EndProject
Project("{FAE04EC0-301F-11D3-BF4B-00C04F79EFBC}") = "Themes", "Themes\Themes.csproj", "{BCFD4B14-BD3C-4E1C-B067-E31C7FD58944}"
EndProject
Project("{FAE04EC0-301F-11D3-BF4B-00C04F79EFBC}") = "Dialogs", "Dialogs\Dialogs.csproj", "{91F35321-8550-424D-9A93-8B26142D44FB}"
EndProject
Project("{FAE04EC0-301F-11D3-BF4B-00C04F79EFBC}") = "DataModel", "DataModel\DataModel.csproj", "{ADFADC4E-42B4-4684-8A56-6AF7071EDD25}"
EndProject
Project("{FAE04EC0-301F-11D3-BF4B-00C04F79EFBC}") = "Views", "Views\Views.csproj", "{4728E3E2-F6F7-4291-9DBD-FC41EC283F52}"
EndProject
Project("{FAE04EC0-301F-11D3-BF4B-00C04F79EFBC}") = "ModelViews", "ModelViews\ModelViews.csproj", "{F77D58F3-28AC-4F95-AAA4-CABE975F9898}"
EndProject
Global
	GlobalSection(SolutionConfigurationPlatforms) = preSolution
		Debug|Any CPU = Debug|Any CPU
		Debug|Mixed Platforms = Debug|Mixed Platforms
		Debug|x64 = Debug|x64
		Debug|x86 = Debug|x86
		Release|Any CPU = Release|Any CPU
		Release|Mixed Platforms = Release|Mixed Platforms
		Release|x64 = Release|x64
		Release|x86 = Release|x86
	EndGlobalSection
	GlobalSection(ProjectConfigurationPlatforms) = postSolution
		{AC014B4A-DFC8-45AA-8DFC-1C9663A17EDD}.Debug|Any CPU.ActiveCfg = Debug|x86
		{AC014B4A-DFC8-45AA-8DFC-1C9663A17EDD}.Debug|Mixed Platforms.ActiveCfg = Debug|x86
		{AC014B4A-DFC8-45AA-8DFC-1C9663A17EDD}.Debug|Mixed Platforms.Build.0 = Debug|x86
		{AC014B4A-DFC8-45AA-8DFC-1C9663A17EDD}.Debug|x64.ActiveCfg = Debug|x86
		{AC014B4A-DFC8-45AA-8DFC-1C9663A17EDD}.Debug|x86.ActiveCfg = Debug|x86
		{AC014B4A-DFC8-45AA-8DFC-1C9663A17EDD}.Debug|x86.Build.0 = Debug|x86
		{AC014B4A-DFC8-45AA-8DFC-1C9663A17EDD}.Release|Any CPU.ActiveCfg = Release|Any CPU
		{AC014B4A-DFC8-45AA-8DFC-1C9663A17EDD}.Release|Any CPU.Build.0 = Release|Any CPU
		{AC014B4A-DFC8-45AA-8DFC-1C9663A17EDD}.Release|Mixed Platforms.ActiveCfg = Release|x86
		{AC014B4A-DFC8-45AA-8DFC-1C9663A17EDD}.Release|Mixed Platforms.Build.0 = Release|x86
		{AC014B4A-DFC8-45AA-8DFC-1C9663A17EDD}.Release|x64.ActiveCfg = Release|x86
		{AC014B4A-DFC8-45AA-8DFC-1C9663A17EDD}.Release|x86.ActiveCfg = Release|x86
		{AC014B4A-DFC8-45AA-8DFC-1C9663A17EDD}.Release|x86.Build.0 = Release|x86
		{3E5843F4-C102-4C6D-9DE6-3C563D456814}.Debug|Any CPU.ActiveCfg = Debug|Any CPU
		{3E5843F4-C102-4C6D-9DE6-3C563D456814}.Debug|Any CPU.Build.0 = Debug|Any CPU
		{3E5843F4-C102-4C6D-9DE6-3C563D456814}.Debug|Mixed Platforms.ActiveCfg = Debug|Any CPU
		{3E5843F4-C102-4C6D-9DE6-3C563D456814}.Debug|Mixed Platforms.Build.0 = Debug|Any CPU
		{3E5843F4-C102-4C6D-9DE6-3C563D456814}.Debug|x64.ActiveCfg = Debug|Any CPU
		{3E5843F4-C102-4C6D-9DE6-3C563D456814}.Debug|x64.Build.0 = Debug|Any CPU
		{3E5843F4-C102-4C6D-9DE6-3C563D456814}.Debug|x86.ActiveCfg = Debug|x86
		{3E5843F4-C102-4C6D-9DE6-3C563D456814}.Debug|x86.Build.0 = Debug|x86
		{3E5843F4-C102-4C6D-9DE6-3C563D456814}.Release|Any CPU.ActiveCfg = Release|Any CPU
		{3E5843F4-C102-4C6D-9DE6-3C563D456814}.Release|Any CPU.Build.0 = Release|Any CPU
		{3E5843F4-C102-4C6D-9DE6-3C563D456814}.Release|Mixed Platforms.ActiveCfg = Release|Any CPU
		{3E5843F4-C102-4C6D-9DE6-3C563D456814}.Release|Mixed Platforms.Build.0 = Release|Any CPU
		{3E5843F4-C102-4C6D-9DE6-3C563D456814}.Release|x64.ActiveCfg = Release|Any CPU
		{3E5843F4-C102-4C6D-9DE6-3C563D456814}.Release|x64.Build.0 = Release|Any CPU
		{3E5843F4-C102-4C6D-9DE6-3C563D456814}.Release|x86.ActiveCfg = Release|x86
		{3E5843F4-C102-4C6D-9DE6-3C563D456814}.Release|x86.Build.0 = Release|x86
		{E8E21127-65DE-4824-A861-7A80C3783352}.Debug|Any CPU.ActiveCfg = Debug|Any CPU
		{E8E21127-65DE-4824-A861-7A80C3783352}.Debug|Any CPU.Build.0 = Debug|Any CPU
		{E8E21127-65DE-4824-A861-7A80C3783352}.Debug|Mixed Platforms.ActiveCfg = Debug|Any CPU
		{E8E21127-65DE-4824-A861-7A80C3783352}.Debug|Mixed Platforms.Build.0 = Debug|Any CPU
		{E8E21127-65DE-4824-A861-7A80C3783352}.Debug|x64.ActiveCfg = Debug|Any CPU
		{E8E21127-65DE-4824-A861-7A80C3783352}.Debug|x64.Build.0 = Debug|Any CPU
		{E8E21127-65DE-4824-A861-7A80C3783352}.Debug|x86.ActiveCfg = Debug|x86
		{E8E21127-65DE-4824-A861-7A80C3783352}.Debug|x86.Build.0 = Debug|x86
		{E8E21127-65DE-4824-A861-7A80C3783352}.Release|Any CPU.ActiveCfg = Release|Any CPU
		{E8E21127-65DE-4824-A861-7A80C3783352}.Release|Any CPU.Build.0 = Release|Any CPU
		{E8E21127-65DE-4824-A861-7A80C3783352}.Release|Mixed Platforms.ActiveCfg = Release|Any CPU
		{E8E21127-65DE-4824-A861-7A80C3783352}.Release|Mixed Platforms.Build.0 = Release|Any CPU
		{E8E21127-65DE-4824-A861-7A80C3783352}.Release|x64.ActiveCfg = Release|Any CPU
		{E8E21127-65DE-4824-A861-7A80C3783352}.Release|x64.Build.0 = Release|Any CPU
		{E8E21127-65DE-4824-A861-7A80C3783352}.Release|x86.ActiveCfg = Release|x86
		{E8E21127-65DE-4824-A861-7A80C3783352}.Release|x86.Build.0 = Release|x86
		{CB760F61-4F2D-4476-A6FA-5EF3FF19AB24}.Debug|Any CPU.ActiveCfg = Debug|Any CPU
		{CB760F61-4F2D-4476-A6FA-5EF3FF19AB24}.Debug|Any CPU.Build.0 = Debug|Any CPU
		{CB760F61-4F2D-4476-A6FA-5EF3FF19AB24}.Debug|Mixed Platforms.ActiveCfg = Debug|Any CPU
		{CB760F61-4F2D-4476-A6FA-5EF3FF19AB24}.Debug|Mixed Platforms.Build.0 = Debug|Any CPU
		{CB760F61-4F2D-4476-A6FA-5EF3FF19AB24}.Debug|x64.ActiveCfg = Debug|Any CPU
		{CB760F61-4F2D-4476-A6FA-5EF3FF19AB24}.Debug|x64.Build.0 = Debug|Any CPU
		{CB760F61-4F2D-4476-A6FA-5EF3FF19AB24}.Debug|x86.ActiveCfg = Debug|x86
		{CB760F61-4F2D-4476-A6FA-5EF3FF19AB24}.Debug|x86.Build.0 = Debug|x86
		{CB760F61-4F2D-4476-A6FA-5EF3FF19AB24}.Release|Any CPU.ActiveCfg = Release|Any CPU
		{CB760F61-4F2D-4476-A6FA-5EF3FF19AB24}.Release|Any CPU.Build.0 = Release|Any CPU
		{CB760F61-4F2D-4476-A6FA-5EF3FF19AB24}.Release|Mixed Platforms.ActiveCfg = Release|Any CPU
		{CB760F61-4F2D-4476-A6FA-5EF3FF19AB24}.Release|Mixed Platforms.Build.0 = Release|Any CPU
		{CB760F61-4F2D-4476-A6FA-5EF3FF19AB24}.Release|x64.ActiveCfg = Release|Any CPU
		{CB760F61-4F2D-4476-A6FA-5EF3FF19AB24}.Release|x64.Build.0 = Release|Any CPU
		{CB760F61-4F2D-4476-A6FA-5EF3FF19AB24}.Release|x86.ActiveCfg = Release|x86
		{CB760F61-4F2D-4476-A6FA-5EF3FF19AB24}.Release|x86.Build.0 = Release|x86
		{BCFD4B14-BD3C-4E1C-B067-E31C7FD58944}.Debug|Any CPU.ActiveCfg = Debug|Any CPU
		{BCFD4B14-BD3C-4E1C-B067-E31C7FD58944}.Debug|Any CPU.Build.0 = Debug|Any CPU
		{BCFD4B14-BD3C-4E1C-B067-E31C7FD58944}.Debug|Mixed Platforms.ActiveCfg = Debug|Any CPU
		{BCFD4B14-BD3C-4E1C-B067-E31C7FD58944}.Debug|Mixed Platforms.Build.0 = Debug|Any CPU
		{BCFD4B14-BD3C-4E1C-B067-E31C7FD58944}.Debug|x64.ActiveCfg = Debug|Any CPU
		{BCFD4B14-BD3C-4E1C-B067-E31C7FD58944}.Debug|x64.Build.0 = Debug|Any CPU
		{BCFD4B14-BD3C-4E1C-B067-E31C7FD58944}.Debug|x86.ActiveCfg = Debug|x86
		{BCFD4B14-BD3C-4E1C-B067-E31C7FD58944}.Debug|x86.Build.0 = Debug|x86
		{BCFD4B14-BD3C-4E1C-B067-E31C7FD58944}.Release|Any CPU.ActiveCfg = Release|Any CPU
		{BCFD4B14-BD3C-4E1C-B067-E31C7FD58944}.Release|Any CPU.Build.0 = Release|Any CPU
		{BCFD4B14-BD3C-4E1C-B067-E31C7FD58944}.Release|Mixed Platforms.ActiveCfg = Release|Any CPU
		{BCFD4B14-BD3C-4E1C-B067-E31C7FD58944}.Release|Mixed Platforms.Build.0 = Release|Any CPU
		{BCFD4B14-BD3C-4E1C-B067-E31C7FD58944}.Release|x64.ActiveCfg = Release|Any CPU
		{BCFD4B14-BD3C-4E1C-B067-E31C7FD58944}.Release|x64.Build.0 = Release|Any CPU
		{BCFD4B14-BD3C-4E1C-B067-E31C7FD58944}.Release|x86.ActiveCfg = Release|x86
		{BCFD4B14-BD3C-4E1C-B067-E31C7FD58944}.Release|x86.Build.0 = Release|x86
		{91F35321-8550-424D-9A93-8B26142D44FB}.Debug|Any CPU.ActiveCfg = Debug|Any CPU
		{91F35321-8550-424D-9A93-8B26142D44FB}.Debug|Any CPU.Build.0 = Debug|Any CPU
		{91F35321-8550-424D-9A93-8B26142D44FB}.Debug|Mixed Platforms.ActiveCfg = Debug|Any CPU
		{91F35321-8550-424D-9A93-8B26142D44FB}.Debug|Mixed Platforms.Build.0 = Debug|Any CPU
		{91F35321-8550-424D-9A93-8B26142D44FB}.Debug|x64.ActiveCfg = Debug|Any CPU
		{91F35321-8550-424D-9A93-8B26142D44FB}.Debug|x64.Build.0 = Debug|Any CPU
		{91F35321-8550-424D-9A93-8B26142D44FB}.Debug|x86.ActiveCfg = Debug|x86
		{91F35321-8550-424D-9A93-8B26142D44FB}.Debug|x86.Build.0 = Debug|x86
		{91F35321-8550-424D-9A93-8B26142D44FB}.Release|Any CPU.ActiveCfg = Release|Any CPU
		{91F35321-8550-424D-9A93-8B26142D44FB}.Release|Any CPU.Build.0 = Release|Any CPU
		{91F35321-8550-424D-9A93-8B26142D44FB}.Release|Mixed Platforms.ActiveCfg = Release|Any CPU
		{91F35321-8550-424D-9A93-8B26142D44FB}.Release|Mixed Platforms.Build.0 = Release|Any CPU
		{91F35321-8550-424D-9A93-8B26142D44FB}.Release|x64.ActiveCfg = Release|Any CPU
		{91F35321-8550-424D-9A93-8B26142D44FB}.Release|x64.Build.0 = Release|Any CPU
		{91F35321-8550-424D-9A93-8B26142D44FB}.Release|x86.ActiveCfg = Release|x86
		{91F35321-8550-424D-9A93-8B26142D44FB}.Release|x86.Build.0 = Release|x86
		{ADFADC4E-42B4-4684-8A56-6AF7071EDD25}.Debug|Any CPU.ActiveCfg = Debug|Any CPU
		{ADFADC4E-42B4-4684-8A56-6AF7071EDD25}.Debug|Any CPU.Build.0 = Debug|Any CPU
		{ADFADC4E-42B4-4684-8A56-6AF7071EDD25}.Debug|Mixed Platforms.ActiveCfg = Debug|Any CPU
		{ADFADC4E-42B4-4684-8A56-6AF7071EDD25}.Debug|Mixed Platforms.Build.0 = Debug|Any CPU
		{ADFADC4E-42B4-4684-8A56-6AF7071EDD25}.Debug|x64.ActiveCfg = Debug|x64
		{ADFADC4E-42B4-4684-8A56-6AF7071EDD25}.Debug|x64.Build.0 = Debug|x64
		{ADFADC4E-42B4-4684-8A56-6AF7071EDD25}.Debug|x86.ActiveCfg = Debug|Any CPU
		{ADFADC4E-42B4-4684-8A56-6AF7071EDD25}.Debug|x86.Build.0 = Debug|Any CPU
		{ADFADC4E-42B4-4684-8A56-6AF7071EDD25}.Release|Any CPU.ActiveCfg = Release|Any CPU
		{ADFADC4E-42B4-4684-8A56-6AF7071EDD25}.Release|Any CPU.Build.0 = Release|Any CPU
		{ADFADC4E-42B4-4684-8A56-6AF7071EDD25}.Release|Mixed Platforms.ActiveCfg = Release|Any CPU
		{ADFADC4E-42B4-4684-8A56-6AF7071EDD25}.Release|Mixed Platforms.Build.0 = Release|Any CPU
		{ADFADC4E-42B4-4684-8A56-6AF7071EDD25}.Release|x64.ActiveCfg = Release|x64
		{ADFADC4E-42B4-4684-8A56-6AF7071EDD25}.Release|x64.Build.0 = Release|x64
		{ADFADC4E-42B4-4684-8A56-6AF7071EDD25}.Release|x86.ActiveCfg = Release|x86
		{ADFADC4E-42B4-4684-8A56-6AF7071EDD25}.Release|x86.Build.0 = Release|x86
		{4728E3E2-F6F7-4291-9DBD-FC41EC283F52}.Debug|Any CPU.ActiveCfg = Debug|Any CPU
		{4728E3E2-F6F7-4291-9DBD-FC41EC283F52}.Debug|Any CPU.Build.0 = Debug|Any CPU
		{4728E3E2-F6F7-4291-9DBD-FC41EC283F52}.Debug|Mixed Platforms.ActiveCfg = Debug|Any CPU
		{4728E3E2-F6F7-4291-9DBD-FC41EC283F52}.Debug|Mixed Platforms.Build.0 = Debug|Any CPU
		{4728E3E2-F6F7-4291-9DBD-FC41EC283F52}.Debug|x64.ActiveCfg = Debug|Any CPU
		{4728E3E2-F6F7-4291-9DBD-FC41EC283F52}.Debug|x64.Build.0 = Debug|Any CPU
		{4728E3E2-F6F7-4291-9DBD-FC41EC283F52}.Debug|x86.ActiveCfg = Debug|Any CPU
		{4728E3E2-F6F7-4291-9DBD-FC41EC283F52}.Debug|x86.Build.0 = Debug|Any CPU
		{4728E3E2-F6F7-4291-9DBD-FC41EC283F52}.Release|Any CPU.ActiveCfg = Release|Any CPU
		{4728E3E2-F6F7-4291-9DBD-FC41EC283F52}.Release|Any CPU.Build.0 = Release|Any CPU
		{4728E3E2-F6F7-4291-9DBD-FC41EC283F52}.Release|Mixed Platforms.ActiveCfg = Release|Any CPU
		{4728E3E2-F6F7-4291-9DBD-FC41EC283F52}.Release|Mixed Platforms.Build.0 = Release|Any CPU
		{4728E3E2-F6F7-4291-9DBD-FC41EC283F52}.Release|x64.ActiveCfg = Release|Any CPU
		{4728E3E2-F6F7-4291-9DBD-FC41EC283F52}.Release|x64.Build.0 = Release|Any CPU
		{4728E3E2-F6F7-4291-9DBD-FC41EC283F52}.Release|x86.ActiveCfg = Release|x86
		{4728E3E2-F6F7-4291-9DBD-FC41EC283F52}.Release|x86.Build.0 = Release|x86
		{F77D58F3-28AC-4F95-AAA4-CABE975F9898}.Debug|Any CPU.ActiveCfg = Debug|Any CPU
		{F77D58F3-28AC-4F95-AAA4-CABE975F9898}.Debug|Any CPU.Build.0 = Debug|Any CPU
		{F77D58F3-28AC-4F95-AAA4-CABE975F9898}.Debug|Mixed Platforms.ActiveCfg = Debug|Any CPU
		{F77D58F3-28AC-4F95-AAA4-CABE975F9898}.Debug|Mixed Platforms.Build.0 = Debug|Any CPU
		{F77D58F3-28AC-4F95-AAA4-CABE975F9898}.Debug|x64.ActiveCfg = Debug|Any CPU
		{F77D58F3-28AC-4F95-AAA4-CABE975F9898}.Debug|x64.Build.0 = Debug|Any CPU
		{F77D58F3-28AC-4F95-AAA4-CABE975F9898}.Debug|x86.ActiveCfg = Debug|Any CPU
		{F77D58F3-28AC-4F95-AAA4-CABE975F9898}.Debug|x86.Build.0 = Debug|Any CPU
		{F77D58F3-28AC-4F95-AAA4-CABE975F9898}.Release|Any CPU.ActiveCfg = Release|Any CPU
		{F77D58F3-28AC-4F95-AAA4-CABE975F9898}.Release|Any CPU.Build.0 = Release|Any CPU
		{F77D58F3-28AC-4F95-AAA4-CABE975F9898}.Release|Mixed Platforms.ActiveCfg = Release|Any CPU
		{F77D58F3-28AC-4F95-AAA4-CABE975F9898}.Release|Mixed Platforms.Build.0 = Release|Any CPU
		{F77D58F3-28AC-4F95-AAA4-CABE975F9898}.Release|x64.ActiveCfg = Release|Any CPU
		{F77D58F3-28AC-4F95-AAA4-CABE975F9898}.Release|x64.Build.0 = Release|Any CPU
		{F77D58F3-28AC-4F95-AAA4-CABE975F9898}.Release|x86.ActiveCfg = Release|x86
		{F77D58F3-28AC-4F95-AAA4-CABE975F9898}.Release|x86.Build.0 = Release|x86
	EndGlobalSection
	GlobalSection(SolutionProperties) = preSolution
		HideSolutionNode = FALSE
	EndGlobalSection
EndGlobal
